
Microsoft Visual Studio Solution File, Format Version 12.00
Project("{FAE04EC0-301F-11D3-BF4B-00C04F79EFBC}") = "Server", "Server\Server.csproj", "{ADFCD48F-7C08-44E6-9265-8C92C3A8C2B8}"
EndProject
Global
	GlobalSection(SolutionConfigurationPlatforms) = preSolution
		Debug|Any CPU = Debug|Any CPU
		Release|Any CPU = Release|Any CPU
	EndGlobalSection
	GlobalSection(ProjectConfigurationPlatforms) = postSolution
		{ADFCD48F-7C08-44E6-9265-8C92C3A8C2B8}.Debug|Any CPU.ActiveCfg = Debug|Any CPU
		{ADFCD48F-7C08-44E6-9265-8C92C3A8C2B8}.Debug|Any CPU.Build.0 = Debug|Any CPU
		{ADFCD48F-7C08-44E6-9265-8C92C3A8C2B8}.Release|Any CPU.ActiveCfg = Release|Any CPU
		{ADFCD48F-7C08-44E6-9265-8C92C3A8C2B8}.Release|Any CPU.Build.0 = Release|Any CPU
	EndGlobalSection
EndGlobal
